
Microsoft Visual Studio Solution File, Format Version 12.00
# Visual Studio Version 17
VisualStudioVersion = 17.5.33502.453
MinimumVisualStudioVersion = 10.0.40219.1
Project("{FAE04EC0-301F-11D3-BF4B-00C04F79EFBC}") = "List", "List\List.csproj", "{63E07586-FE67-4B5E-AA40-37F50AC82038}"
EndProject
Project("{FAE04EC0-301F-11D3-BF4B-00C04F79EFBC}") = "ListsTest", "ListTest\ListsTest.csproj", "{E0641C18-FF95-4CED-B2E5-2B4A99811472}"
EndProject
Global
	GlobalSection(SolutionConfigurationPlatforms) = preSolution
		Debug|Any CPU = Debug|Any CPU
		Release|Any CPU = Release|Any CPU
	EndGlobalSection
	GlobalSection(ProjectConfigurationPlatforms) = postSolution
		{63E07586-FE67-4B5E-AA40-37F50AC82038}.Debug|Any CPU.ActiveCfg = Debug|Any CPU
		{63E07586-FE67-4B5E-AA40-37F50AC82038}.Debug|Any CPU.Build.0 = Debug|Any CPU
		{63E07586-FE67-4B5E-AA40-37F50AC82038}.Release|Any CPU.ActiveCfg = Release|Any CPU
		{63E07586-FE67-4B5E-AA40-37F50AC82038}.Release|Any CPU.Build.0 = Release|Any CPU
		{E0641C18-FF95-4CED-B2E5-2B4A99811472}.Debug|Any CPU.ActiveCfg = Debug|Any CPU
		{E0641C18-FF95-4CED-B2E5-2B4A99811472}.Debug|Any CPU.Build.0 = Debug|Any CPU
		{E0641C18-FF95-4CED-B2E5-2B4A99811472}.Release|Any CPU.ActiveCfg = Release|Any CPU
		{E0641C18-FF95-4CED-B2E5-2B4A99811472}.Release|Any CPU.Build.0 = Release|Any CPU
	EndGlobalSection
	GlobalSection(SolutionProperties) = preSolution
		HideSolutionNode = FALSE
	EndGlobalSection
	GlobalSection(ExtensibilityGlobals) = postSolution
		SolutionGuid = {E966166B-10CE-4E53-80F3-33FDB92EBCBD}
	EndGlobalSection
EndGlobal
