
Microsoft Visual Studio Solution File, Format Version 12.00
# Visual Studio Version 17
VisualStudioVersion = 17.5.33502.453
MinimumVisualStudioVersion = 10.0.40219.1
Project("{FAE04EC0-301F-11D3-BF4B-00C04F79EFBC}") = "SparseVector", "SparseVector.csproj", "{3BDCE3B7-64D1-4A50-989F-8A111DB1AE7D}"
EndProject
Project("{FAE04EC0-301F-11D3-BF4B-00C04F79EFBC}") = "SparseVectorTests", "..\SparseVectorTests\SparseVectorTests.csproj", "{ED4BD917-5D31-4148-964B-1F5EE5B762CC}"
EndProject
Project("{FAE04EC0-301F-11D3-BF4B-00C04F79EFBC}") = "Program", "..\Program\Program.csproj", "{EC921547-0409-4895-A436-FAD990CB6AC2}"
EndProject
Global
	GlobalSection(SolutionConfigurationPlatforms) = preSolution
		Debug|Any CPU = Debug|Any CPU
		Release|Any CPU = Release|Any CPU
	EndGlobalSection
	GlobalSection(ProjectConfigurationPlatforms) = postSolution
		{3BDCE3B7-64D1-4A50-989F-8A111DB1AE7D}.Debug|Any CPU.ActiveCfg = Debug|Any CPU
		{3BDCE3B7-64D1-4A50-989F-8A111DB1AE7D}.Debug|Any CPU.Build.0 = Debug|Any CPU
		{3BDCE3B7-64D1-4A50-989F-8A111DB1AE7D}.Release|Any CPU.ActiveCfg = Release|Any CPU
		{3BDCE3B7-64D1-4A50-989F-8A111DB1AE7D}.Release|Any CPU.Build.0 = Release|Any CPU
		{ED4BD917-5D31-4148-964B-1F5EE5B762CC}.Debug|Any CPU.ActiveCfg = Debug|Any CPU
		{ED4BD917-5D31-4148-964B-1F5EE5B762CC}.Debug|Any CPU.Build.0 = Debug|Any CPU
		{ED4BD917-5D31-4148-964B-1F5EE5B762CC}.Release|Any CPU.ActiveCfg = Release|Any CPU
		{ED4BD917-5D31-4148-964B-1F5EE5B762CC}.Release|Any CPU.Build.0 = Release|Any CPU
		{EC921547-0409-4895-A436-FAD990CB6AC2}.Debug|Any CPU.ActiveCfg = Debug|Any CPU
		{EC921547-0409-4895-A436-FAD990CB6AC2}.Debug|Any CPU.Build.0 = Debug|Any CPU
		{EC921547-0409-4895-A436-FAD990CB6AC2}.Release|Any CPU.ActiveCfg = Release|Any CPU
		{EC921547-0409-4895-A436-FAD990CB6AC2}.Release|Any CPU.Build.0 = Release|Any CPU
	EndGlobalSection
	GlobalSection(SolutionProperties) = preSolution
		HideSolutionNode = FALSE
	EndGlobalSection
	GlobalSection(ExtensibilityGlobals) = postSolution
		SolutionGuid = {44165CDF-FA75-472C-A9E4-6BCABA84ADAE}
	EndGlobalSection
EndGlobal
